
Microsoft Visual Studio Solution File, Format Version 12.00
# Visual Studio Version 17
VisualStudioVersion = 17.13.35828.75 d17.13
MinimumVisualStudioVersion = 10.0.40219.1
Project("{FAE04EC0-301F-11D3-BF4B-00C04F79EFBC}") = "holiday tasks", "holiday tasks\holiday tasks.csproj", "{4CEDD01D-6D6A-4C2B-8046-4CB903B8005C}"
EndProject
Global
	GlobalSection(SolutionConfigurationPlatforms) = preSolution
		Debug|Any CPU = Debug|Any CPU
		Release|Any CPU = Release|Any CPU
	EndGlobalSection
	GlobalSection(ProjectConfigurationPlatforms) = postSolution
		{4CEDD01D-6D6A-4C2B-8046-4CB903B8005C}.Debug|Any CPU.ActiveCfg = Debug|Any CPU
		{4CEDD01D-6D6A-4C2B-8046-4CB903B8005C}.Debug|Any CPU.Build.0 = Debug|Any CPU
		{4CEDD01D-6D6A-4C2B-8046-4CB903B8005C}.Release|Any CPU.ActiveCfg = Release|Any CPU
		{4CEDD01D-6D6A-4C2B-8046-4CB903B8005C}.Release|Any CPU.Build.0 = Release|Any CPU
	EndGlobalSection
	GlobalSection(SolutionProperties) = preSolution
		HideSolutionNode = FALSE
	EndGlobalSection
	GlobalSection(ExtensibilityGlobals) = postSolution
		SolutionGuid = {C0B26064-B96E-4F29-84C2-F113B64DBE43}
	EndGlobalSection
EndGlobal
